// !$*UTF8*$!
{
	archiveVersion = 1;
	classes = {
	};
	objectVersion = 46;
	objects = {

/* Begin PBXBuildFile section */
		A441413A19E8A4E700C6FD7C /* AppDelegate.swift in Sources */ = {isa = PBXBuildFile; fileRef = A441413919E8A4E700C6FD7C /* AppDelegate.swift */; };
		A441413C19E8A4E700C6FD7C /* ViewController.swift in Sources */ = {isa = PBXBuildFile; fileRef = A441413B19E8A4E700C6FD7C /* ViewController.swift */; };
		A441413F19E8A4E700C6FD7C /* Main.storyboard in Resources */ = {isa = PBXBuildFile; fileRef = A441413D19E8A4E700C6FD7C /* Main.storyboard */; };
		A441414119E8A4E700C6FD7C /* Images.xcassets in Resources */ = {isa = PBXBuildFile; fileRef = A441414019E8A4E700C6FD7C /* Images.xcassets */; };
		A441414419E8A4E700C6FD7C /* LaunchScreen.xib in Resources */ = {isa = PBXBuildFile; fileRef = A441414219E8A4E700C6FD7C /* LaunchScreen.xib */; };
		A441415019E8A4E700C6FD7C /* PostcardTests.swift in Sources */ = {isa = PBXBuildFile; fileRef = A441414F19E8A4E700C6FD7C /* PostcardTests.swift */; };
/* End PBXBuildFile section */

/* Begin PBXContainerItemProxy section */
		A441414A19E8A4E700C6FD7C /* PBXContainerItemProxy */ = {
			isa = PBXContainerItemProxy;
			containerPortal = A441412C19E8A4E600C6FD7C /* Project object */;
			proxyType = 1;
			remoteGlobalIDString = A441413319E8A4E700C6FD7C;
			remoteInfo = Postcard;
		};
/* End PBXContainerItemProxy section */

/* Begin PBXFileReference section */
		A441413419E8A4E700C6FD7C /* Postcard.app */ = {isa = PBXFileReference; explicitFileType = wrapper.application; includeInIndex = 0; path = Postcard.app; sourceTree = BUILT_PRODUCTS_DIR; };
		A441413819E8A4E700C6FD7C /* Info.plist */ = {isa = PBXFileReference; lastKnownFileType = text.plist.xml; path = Info.plist; sourceTree = "<group>"; };
		A441413919E8A4E700C6FD7C /* AppDelegate.swift */ = {isa = PBXFileReference; lastKnownFileType = sourcecode.swift; path = AppDelegate.swift; sourceTree = "<group>"; };
		A441413B19E8A4E700C6FD7C /* ViewController.swift */ = {isa = PBXFileReference; lastKnownFileType = sourcecode.swift; path = ViewController.swift; sourceTree = "<group>"; };
		A441413E19E8A4E700C6FD7C /* Base */ = {isa = PBXFileReference; lastKnownFileType = file.storyboard; name = Base; path = Base.lproj/Main.storyboard; sourceTree = "<group>"; };
		A441414019E8A4E700C6FD7C /* Images.xcassets */ = {isa = PBXFileReference; lastKnownFileType = folder.assetcatalog; path = Images.xcassets; sourceTree = "<group>"; };
		A441414319E8A4E700C6FD7C /* Base */ = {isa = PBXFileReference; lastKnownFileType = file.xib; name = Base; path = Base.lproj/LaunchScreen.xib; sourceTree = "<group>"; };
		A441414919E8A4E700C6FD7C /* PostcardTests.xctest */ = {isa = PBXFileReference; explicitFileType = wrapper.cfbundle; includeInIndex = 0; path = PostcardTests.xctest; sourceTree = BUILT_PRODUCTS_DIR; };
		A441414E19E8A4E700C6FD7C /* Info.plist */ = {isa = PBXFileReference; lastKnownFileType = text.plist.xml; path = Info.plist; sourceTree = "<group>"; };
		A441414F19E8A4E700C6FD7C /* PostcardTests.swift */ = {isa = PBXFileReference; lastKnownFileType = sourcecode.swift; path = PostcardTests.swift; sourceTree = "<group>"; };
/* End PBXFileReference section */

/* Begin PBXFrameworksBuildPhase section */
		A441413119E8A4E700C6FD7C /* Frameworks */ = {
			isa = PBXFrameworksBuildPhase;
			buildActionMask = 2147483647;
			files = (
			);
			runOnlyForDeploymentPostprocessing = 0;
		};
		A441414619E8A4E700C6FD7C /* Frameworks */ = {
			isa = PBXFrameworksBuildPhase;
			buildActionMask = 2147483647;
			files = (
			);
			runOnlyForDeploymentPostprocessing = 0;
		};
/* End PBXFrameworksBuildPhase section */

/* Begin PBXGroup section */
		A441412B19E8A4E600C6FD7C = {
			isa = PBXGroup;
			children = (
				A441413619E8A4E700C6FD7C /* Postcard */,
				A441414C19E8A4E700C6FD7C /* PostcardTests */,
				A441413519E8A4E700C6FD7C /* Products */,
			);
			sourceTree = "<group>";
		};
		A441413519E8A4E700C6FD7C /* Products */ = {
			isa = PBXGroup;
			children = (
				A441413419E8A4E700C6FD7C /* Postcard.app */,
				A441414919E8A4E700C6FD7C /* PostcardTests.xctest */,
			);
			name = Products;
			sourceTree = "<group>";
		};
		A441413619E8A4E700C6FD7C /* Postcard */ = {
			isa = PBXGroup;
			children = (
				A441413919E8A4E700C6FD7C /* AppDelegate.swift */,
				A441413B19E8A4E700C6FD7C /* ViewController.swift */,
				A441413D19E8A4E700C6FD7C /* Main.storyboard */,
				A441414019E8A4E700C6FD7C /* Images.xcassets */,
				A441414219E8A4E700C6FD7C /* LaunchScreen.xib */,
				A441413719E8A4E700C6FD7C /* Supporting Files */,
			);
			path = Postcard;
			sourceTree = "<group>";
		};
		A441413719E8A4E700C6FD7C /* Supporting Files */ = {
			isa = PBXGroup;
			children = (
				A441413819E8A4E700C6FD7C /* Info.plist */,
			);
			name = "Supporting Files";
			sourceTree = "<group>";
		};
		A441414C19E8A4E700C6FD7C /* PostcardTests */ = {
			isa = PBXGroup;
			children = (
				A441414F19E8A4E700C6FD7C /* PostcardTests.swift */,
				A441414D19E8A4E700C6FD7C /* Supporting Files */,
			);
			path = PostcardTests;
			sourceTree = "<group>";
		};
		A441414D19E8A4E700C6FD7C /* Supporting Files */ = {
			isa = PBXGroup;
			children = (
				A441414E19E8A4E700C6FD7C /* Info.plist */,
			);
			name = "Supporting Files";
			sourceTree = "<group>";
		};
/* End PBXGroup section */

/* Begin PBXNativeTarget section */
		A441413319E8A4E700C6FD7C /* Postcard */ = {
			isa = PBXNativeTarget;
			buildConfigurationList = A441415319E8A4E700C6FD7C /* Build configuration list for PBXNativeTarget "Postcard" */;
			buildPhases = (
				A441413019E8A4E700C6FD7C /* Sources */,
				A441413119E8A4E700C6FD7C /* Frameworks */,
				A441413219E8A4E700C6FD7C /* Resources */,
			);
			buildRules = (
			);
			dependencies = (
			);
			name = Postcard;
			productName = Postcard;
			productReference = A441413419E8A4E700C6FD7C /* Postcard.app */;
			productType = "com.apple.product-type.application";
		};
		A441414819E8A4E700C6FD7C /* PostcardTests */ = {
			isa = PBXNativeTarget;
			buildConfigurationList = A441415619E8A4E700C6FD7C /* Build configuration list for PBXNativeTarget "PostcardTests" */;
			buildPhases = (
				A441414519E8A4E700C6FD7C /* Sources */,
				A441414619E8A4E700C6FD7C /* Frameworks */,
				A441414719E8A4E700C6FD7C /* Resources */,
			);
			buildRules = (
			);
			dependencies = (
				A441414B19E8A4E700C6FD7C /* PBXTargetDependency */,
			);
			name = PostcardTests;
			productName = PostcardTests;
			productReference = A441414919E8A4E700C6FD7C /* PostcardTests.xctest */;
			productType = "com.apple.product-type.bundle.unit-test";
		};
/* End PBXNativeTarget section */

/* Begin PBXProject section */
		A441412C19E8A4E600C6FD7C /* Project object */ = {
			isa = PBXProject;
			attributes = {
				LastUpgradeCheck = 0600;
				ORGANIZATIONNAME = millionhari;
				TargetAttributes = {
					A441413319E8A4E700C6FD7C = {
						CreatedOnToolsVersion = 6.0.1;
					};
					A441414819E8A4E700C6FD7C = {
						CreatedOnToolsVersion = 6.0.1;
						TestTargetID = A441413319E8A4E700C6FD7C;
					};
				};
			};
			buildConfigurationList = A441412F19E8A4E600C6FD7C /* Build configuration list for PBXProject "Postcard" */;
			compatibilityVersion = "Xcode 3.2";
			developmentRegion = English;
			hasScannedForEncodings = 0;
			knownRegions = (
				en,
				Base,
			);
			mainGroup = A441412B19E8A4E600C6FD7C;
			productRefGroup = A441413519E8A4E700C6FD7C /* Products */;
			projectDirPath = "";
			projectRoot = "";
			targets = (
				A441413319E8A4E700C6FD7C /* Postcard */,
				A441414819E8A4E700C6FD7C /* PostcardTests */,
			);
		};
/* End PBXProject section */

/* Begin PBXResourcesBuildPhase section */
		A441413219E8A4E700C6FD7C /* Resources */ = {
			isa = PBXResourcesBuildPhase;
			buildActionMask = 2147483647;
			files = (
				A441413F19E8A4E700C6FD7C /* Main.storyboard in Resources */,
				A441414419E8A4E700C6FD7C /* LaunchScreen.xib in Resources */,
				A441414119E8A4E700C6FD7C /* Images.xcassets in Resources */,
			);
			runOnlyForDeploymentPostprocessing = 0;
		};
		A441414719E8A4E700C6FD7C /* Resources */ = {
			isa = PBXResourcesBuildPhase;
			buildActionMask = 2147483647;
			files = (
			);
			runOnlyForDeploymentPostprocessing = 0;
		};
/* End PBXResourcesBuildPhase section */

/* Begin PBXSourcesBuildPhase section */
		A441413019E8A4E700C6FD7C /* Sources */ = {
			isa = PBXSourcesBuildPhase;
			buildActionMask = 2147483647;
			files = (
				A441413C19E8A4E700C6FD7C /* ViewController.swift in Sources */,
				A441413A19E8A4E700C6FD7C /* AppDelegate.swift in Sources */,
			);
			runOnlyForDeploymentPostprocessing = 0;
		};
		A441414519E8A4E700C6FD7C /* Sources */ = {
			isa = PBXSourcesBuildPhase;
			buildActionMask = 2147483647;
			files = (
				A441415019E8A4E700C6FD7C /* PostcardTests.swift in Sources */,
			);
			runOnlyForDeploymentPostprocessing = 0;
		};
/* End PBXSourcesBuildPhase section */

/* Begin PBXTargetDependency section */
		A441414B19E8A4E700C6FD7C /* PBXTargetDependency */ = {
			isa = PBXTargetDependency;
			target = A441413319E8A4E700C6FD7C /* Postcard */;
			targetProxy = A441414A19E8A4E700C6FD7C /* PBXContainerItemProxy */;
		};
/* End PBXTargetDependency section */

/* Begin PBXVariantGroup section */
		A441413D19E8A4E700C6FD7C /* Main.storyboard */ = {
			isa = PBXVariantGroup;
			children = (
				A441413E19E8A4E700C6FD7C /* Base */,
			);
			name = Main.storyboard;
			sourceTree = "<group>";
		};
		A441414219E8A4E700C6FD7C /* LaunchScreen.xib */ = {
			isa = PBXVariantGroup;
			children = (
				A441414319E8A4E700C6FD7C /* Base */,
			);
			name = LaunchScreen.xib;
			sourceTree = "<group>";
		};
/* End PBXVariantGroup section */

/* Begin XCBuildConfiguration section */
		A441415119E8A4E700C6FD7C /* Debug */ = {
			isa = XCBuildConfiguration;
			buildSettings = {
				ALWAYS_SEARCH_USER_PATHS = NO;
				CLANG_CXX_LANGUAGE_STANDARD = "gnu++0x";
				CLANG_CXX_LIBRARY = "libc++";
				CLANG_ENABLE_MODULES = YES;
				CLANG_ENABLE_OBJC_ARC = YES;
				CLANG_WARN_BOOL_CONVERSION = YES;
				CLANG_WARN_CONSTANT_CONVERSION = YES;
				CLANG_WARN_DIRECT_OBJC_ISA_USAGE = YES_ERROR;
				CLANG_WARN_EMPTY_BODY = YES;
				CLANG_WARN_ENUM_CONVERSION = YES;
				CLANG_WARN_INT_CONVERSION = YES;
				CLANG_WARN_OBJC_ROOT_CLASS = YES_ERROR;
				CLANG_WARN_UNREACHABLE_CODE = YES;
				CLANG_WARN__DUPLICATE_METHOD_MATCH = YES;
				"CODE_SIGN_IDENTITY[sdk=iphoneos*]" = "iPhone Developer";
				COPY_PHASE_STRIP = NO;
				ENABLE_STRICT_OBJC_MSGSEND = YES;
				GCC_C_LANGUAGE_STANDARD = gnu99;
				GCC_DYNAMIC_NO_PIC = NO;
				GCC_OPTIMIZATION_LEVEL = 0;
				GCC_PREPROCESSOR_DEFINITIONS = (
					"DEBUG=1",
					"$(inherited)",
				);
				GCC_SYMBOLS_PRIVATE_EXTERN = NO;
				GCC_WARN_64_TO_32_BIT_CONVERSION = YES;
				GCC_WARN_ABOUT_RETURN_TYPE = YES_ERROR;
				GCC_WARN_UNDECLARED_SELECTOR = YES;
				GCC_WARN_UNINITIALIZED_AUTOS = YES_AGGRESSIVE;
				GCC_WARN_UNUSED_FUNCTION = YES;
				GCC_WARN_UNUSED_VARIABLE = YES;
				IPHONEOS_DEPLOYMENT_TARGET = 8.0;
				MTL_ENABLE_DEBUG_INFO = YES;
				ONLY_ACTIVE_ARCH = YES;
				SDKROOT = iphoneos;
				SWIFT_OPTIMIZATION_LEVEL = "-Onone";
				TARGETED_DEVICE_FAMILY = "1,2";
			};
			name = Debug;
		};
		A441415219E8A4E700C6FD7C /* Release */ = {
			isa = XCBuildConfiguration;
			buildSettings = {
				ALWAYS_SEARCH_USER_PATHS = NO;
				CLANG_CXX_LANGUAGE_STANDARD = "gnu++0x";
				CLANG_CXX_LIBRARY = "libc++";
				CLANG_ENABLE_MODULES = YES;
				CLANG_ENABLE_OBJC_ARC = YES;
				CLANG_WARN_BOOL_CONVERSION = YES;
				CLANG_WARN_CONSTANT_CONVERSION = YES;
				CLANG_WARN_DIRECT_OBJC_ISA_USAGE = YES_ERROR;
				CLANG_WARN_EMPTY_BODY = YES;
				CLANG_WARN_ENUM_CONVERSION = YES;
				CLANG_WARN_INT_CONVERSION = YES;
				CLANG_WARN_OBJC_ROOT_CLASS = YES_ERROR;
				CLANG_WARN_UNREACHABLE_CODE = YES;
				CLANG_WARN__DUPLICATE_METHOD_MATCH = YES;
				"CODE_SIGN_IDENTITY[sdk=iphoneos*]" = "iPhone Developer";
				COPY_PHASE_STRIP = YES;
				ENABLE_NS_ASSERTIONS = NO;
				ENABLE_STRICT_OBJC_MSGSEND = YES;
				GCC_C_LANGUAGE_STANDARD = gnu99;
				GCC_WARN_64_TO_32_BIT_CONVERSION = YES;
				GCC_WARN_ABOUT_RETURN_TYPE = YES_ERROR;
				GCC_WARN_UNDECLARED_SELECTOR = YES;
				GCC_WARN_UNINITIALIZED_AUTOS = YES_AGGRESSIVE;
				GCC_WARN_UNUSED_FUNCTION = YES;
				GCC_WARN_UNUSED_VARIABLE = YES;
				IPHONEOS_DEPLOYMENT_TARGET = 8.0;
				MTL_ENABLE_DEBUG_INFO = NO;
				SDKROOT = iphoneos;
				TARGETED_DEVICE_FAMILY = "1,2";
				VALIDATE_PRODUCT = YES;
			};
			name = Release;
		};
		A441415419E8A4E700C6FD7C /* Debug */ = {
			isa = XCBuildConfiguration;
			buildSettings = {
				ASSETCATALOG_COMPILER_APPICON_NAME = AppIcon;
				INFOPLIST_FILE = Postcard/Info.plist;
				LD_RUNPATH_SEARCH_PATHS = "$(inherited) @executable_path/Frameworks";
				PRODUCT_NAME = "$(TARGET_NAME)";
			};
			name = Debug;
		};
		A441415519E8A4E700C6FD7C /* Release */ = {
			isa = XCBuildConfiguration;
			buildSettings = {
				ASSETCATALOG_COMPILER_APPICON_NAME = AppIcon;
				INFOPLIST_FILE = Postcard/Info.plist;
				LD_RUNPATH_SEARCH_PATHS = "$(inherited) @executable_path/Frameworks";
				PRODUCT_NAME = "$(TARGET_NAME)";
			};
			name = Release;
		};
		A441415719E8A4E700C6FD7C /* Debug */ = {
			isa = XCBuildConfiguration;
			buildSettings = {
				BUNDLE_LOADER = "$(TEST_HOST)";
				FRAMEWORK_SEARCH_PATHS = (
					"$(SDKROOT)/Developer/Library/Frameworks",
					"$(inherited)",
				);
				GCC_PREPROCESSOR_DEFINITIONS = (
					"DEBUG=1",
					"$(inherited)",
				);
				INFOPLIST_FILE = PostcardTests/Info.plist;
				LD_RUNPATH_SEARCH_PATHS = "$(inherited) @executable_path/Frameworks @loader_path/Frameworks";
				PRODUCT_NAME = "$(TARGET_NAME)";
				TEST_HOST = "$(BUILT_PRODUCTS_DIR)/Postcard.app/Postcard";
			};
			name = Debug;
		};
		A441415819E8A4E700C6FD7C /* Release */ = {
			isa = XCBuildConfiguration;
			buildSettings = {
				BUNDLE_LOADER = "$(TEST_HOST)";
				FRAMEWORK_SEARCH_PATHS = (
					"$(SDKROOT)/Developer/Library/Frameworks",
					"$(inherited)",
				);
				INFOPLIST_FILE = PostcardTests/Info.plist;
				LD_RUNPATH_SEARCH_PATHS = "$(inherited) @executable_path/Frameworks @loader_path/Frameworks";
				PRODUCT_NAME = "$(TARGET_NAME)";
				TEST_HOST = "$(BUILT_PRODUCTS_DIR)/Postcard.app/Postcard";
			};
			name = Release;
		};
/* End XCBuildConfiguration section */

/* Begin XCConfigurationList section */
		A441412F19E8A4E600C6FD7C /* Build configuration list for PBXProject "Postcard" */ = {
			isa = XCConfigurationList;
			buildConfigurations = (
				A441415119E8A4E700C6FD7C /* Debug */,
				A441415219E8A4E700C6FD7C /* Release */,
			);
			defaultConfigurationIsVisible = 0;
			defaultConfigurationName = Release;
		};
		A441415319E8A4E700C6FD7C /* Build configuration list for PBXNativeTarget "Postcard" */ = {
			isa = XCConfigurationList;
			buildConfigurations = (
				A441415419E8A4E700C6FD7C /* Debug */,
				A441415519E8A4E700C6FD7C /* Release */,
			);
			defaultConfigurationIsVisible = 0;
		};
		A441415619E8A4E700C6FD7C /* Build configuration list for PBXNativeTarget "PostcardTests" */ = {
			isa = XCConfigurationList;
			buildConfigurations = (
				A441415719E8A4E700C6FD7C /* Debug */,
				A441415819E8A4E700C6FD7C /* Release */,
			);
			defaultConfigurationIsVisible = 0;
		};
/* End XCConfigurationList section */
	};
	rootObject = A441412C19E8A4E600C6FD7C /* Project object */;
}
